
Microsoft Visual Studio Solution File, Format Version 12.00
# Visual Studio Version 16
VisualStudioVersion = 16.0.30011.22
MinimumVisualStudioVersion = 10.0.40219.1
Project("{FAE04EC0-301F-11D3-BF4B-00C04F79EFBC}") = "ThrusterVisualHandlerTest", "ThrusterVisualHandlerTest.csproj", "{4108CCC7-AA12-4476-A127-535717703A57}"
EndProject
Global
	GlobalSection(SolutionConfigurationPlatforms) = preSolution
		Debug|Any CPU = Debug|Any CPU
		Release|Any CPU = Release|Any CPU
	EndGlobalSection
	GlobalSection(ProjectConfigurationPlatforms) = postSolution
		{4108CCC7-AA12-4476-A127-535717703A57}.Debug|Any CPU.ActiveCfg = Debug|x64
		{4108CCC7-AA12-4476-A127-535717703A57}.Debug|Any CPU.Build.0 = Debug|x64
		{4108CCC7-AA12-4476-A127-535717703A57}.Release|Any CPU.ActiveCfg = Release|Any CPU
		{4108CCC7-AA12-4476-A127-535717703A57}.Release|Any CPU.Build.0 = Release|Any CPU
	EndGlobalSection
	GlobalSection(SolutionProperties) = preSolution
		HideSolutionNode = FALSE
	EndGlobalSection
	GlobalSection(ExtensibilityGlobals) = postSolution
		SolutionGuid = {CFBDC9A9-6A67-49F8-8174-513978196C24}
	EndGlobalSection
EndGlobal
